
Microsoft Visual Studio Solution File, Format Version 12.00
# Visual Studio Version 17
VisualStudioVersion = 17.14.37012.4 d17.14
MinimumVisualStudioVersion = 10.0.40219.1
Project("{FAE04EC0-301F-11D3-BF4B-00C04F79EFBC}") = "BeasiswaDesktop", "BeasiswaDesktop\BeasiswaDesktop.csproj", "{5ACBB764-C120-4007-B4A0-DF8BA72B89DE}"
EndProject
Global
	GlobalSection(SolutionConfigurationPlatforms) = preSolution
		Debug|Any CPU = Debug|Any CPU
		Release|Any CPU = Release|Any CPU
	EndGlobalSection
	GlobalSection(ProjectConfigurationPlatforms) = postSolution
		{5ACBB764-C120-4007-B4A0-DF8BA72B89DE}.Debug|Any CPU.ActiveCfg = Debug|Any CPU
		{5ACBB764-C120-4007-B4A0-DF8BA72B89DE}.Debug|Any CPU.Build.0 = Debug|Any CPU
		{5ACBB764-C120-4007-B4A0-DF8BA72B89DE}.Release|Any CPU.ActiveCfg = Release|Any CPU
		{5ACBB764-C120-4007-B4A0-DF8BA72B89DE}.Release|Any CPU.Build.0 = Release|Any CPU
	EndGlobalSection
	GlobalSection(SolutionProperties) = preSolution
		HideSolutionNode = FALSE
	EndGlobalSection
	GlobalSection(ExtensibilityGlobals) = postSolution
		SolutionGuid = {BBFC9440-7B71-415D-A1E6-AAA7ABB23698}
	EndGlobalSection
EndGlobal
